
Microsoft Visual Studio Solution File, Format Version 12.00
# Visual Studio 15
VisualStudioVersion = 15.0.27703.2026
MinimumVisualStudioVersion = 10.0.40219.1
Project("{FAE04EC0-301F-11D3-BF4B-00C04F79EFBC}") = "RealmMvvm", "RealmMvvm\RealmMvvm.csproj", "{E240ECFC-287E-41DE-AE95-6A9FAD1EF670}"
EndProject
Global
	GlobalSection(SolutionConfigurationPlatforms) = preSolution
		Debug|Any CPU = Debug|Any CPU
		Release|Any CPU = Release|Any CPU
	EndGlobalSection
	GlobalSection(ProjectConfigurationPlatforms) = postSolution
		{E240ECFC-287E-41DE-AE95-6A9FAD1EF670}.Debug|Any CPU.ActiveCfg = Debug|Any CPU
		{E240ECFC-287E-41DE-AE95-6A9FAD1EF670}.Debug|Any CPU.Build.0 = Debug|Any CPU
		{E240ECFC-287E-41DE-AE95-6A9FAD1EF670}.Release|Any CPU.ActiveCfg = Release|Any CPU
		{E240ECFC-287E-41DE-AE95-6A9FAD1EF670}.Release|Any CPU.Build.0 = Release|Any CPU
	EndGlobalSection
	GlobalSection(SolutionProperties) = preSolution
		HideSolutionNode = FALSE
	EndGlobalSection
	GlobalSection(ExtensibilityGlobals) = postSolution
		SolutionGuid = {74CAA67E-B2A7-4F93-9750-95697A0BC348}
	EndGlobalSection
EndGlobal
